// !$*UTF8*$!
{
	archiveVersion = 1;
	classes = {
	};
	objectVersion = 50;
	objects = {

/* Begin PBXBuildFile section */
		8609460322857A90008375D7 /* LoggerCrashReporter.m in Sources */ = {isa = PBXBuildFile; fileRef = 8609460222857A90008375D7 /* LoggerCrashReporter.m */; };
		860AEFB82282807100EC511B /* PrefWindowController.m in Sources */ = {isa = PBXBuildFile; fileRef = 860AEFB62282807100EC511B /* PrefWindowController.m */; };
		860AEFB92282807100EC511B /* PrefWindowController.xib in Resources */ = {isa = PBXBuildFile; fileRef = 860AEFB72282807100EC511B /* PrefWindowController.xib */; };
		860AEFBC2282822B00EC511B /* Pref.xcdatamodeld in Sources */ = {isa = PBXBuildFile; fileRef = 860AEFBA2282822B00EC511B /* Pref.xcdatamodeld */; };
		860AEFCE228284A000EC511B /* CoreDataManager.m in Sources */ = {isa = PBXBuildFile; fileRef = 860AEFCD228284A000EC511B /* CoreDataManager.m */; };
		860AEFD92282C22500EC511B /* Pref+CoreDataClass.m in Sources */ = {isa = PBXBuildFile; fileRef = 860AEFD72282C22500EC511B /* Pref+CoreDataClass.m */; };
		860AEFDA2282C22500EC511B /* Pref+CoreDataProperties.m in Sources */ = {isa = PBXBuildFile; fileRef = 860AEFD82282C22500EC511B /* Pref+CoreDataProperties.m */; };
		860AEFDD2282C6D700EC511B /* CommonDataManager.m in Sources */ = {isa = PBXBuildFile; fileRef = 860AEFDC2282C6D700EC511B /* CommonDataManager.m */; };
		8622C4D42288FAB90015EC51 /* LoggerConfig.m in Sources */ = {isa = PBXBuildFile; fileRef = 8622C4D32288FAB90015EC51 /* LoggerConfig.m */; };
		8663FDCC228565C30019EC40 /* libCrashReporter-MacOSX-Static.a in Frameworks */ = {isa = PBXBuildFile; fileRef = 8663FDCB228565C30019EC40 /* libCrashReporter-MacOSX-Static.a */; };
		86B5FD16228131E000578725 /* AppDelegate.m in Sources */ = {isa = PBXBuildFile; fileRef = 86B5FD15228131E000578725 /* AppDelegate.m */; };
		86B5FD19228131E000578725 /* ViewController.m in Sources */ = {isa = PBXBuildFile; fileRef = 86B5FD18228131E000578725 /* ViewController.m */; };
		86B5FD1C228131E000578725 /* Document.m in Sources */ = {isa = PBXBuildFile; fileRef = 86B5FD1B228131E000578725 /* Document.m */; };
		86B5FD1E228131E100578725 /* Assets.xcassets in Resources */ = {isa = PBXBuildFile; fileRef = 86B5FD1D228131E100578725 /* Assets.xcassets */; };
		86B5FD21228131E100578725 /* Main.storyboard in Resources */ = {isa = PBXBuildFile; fileRef = 86B5FD1F228131E100578725 /* Main.storyboard */; };
		86B5FD24228131E100578725 /* main.m in Sources */ = {isa = PBXBuildFile; fileRef = 86B5FD23228131E100578725 /* main.m */; };
		86B5FD32228133FE00578725 /* Logger.m in Sources */ = {isa = PBXBuildFile; fileRef = 86B5FD2F228133FE00578725 /* Logger.m */; };
		86B5FD33228133FE00578725 /* NSData+AES.m in Sources */ = {isa = PBXBuildFile; fileRef = 86B5FD30228133FE00578725 /* NSData+AES.m */; };
		86B5FD3C228170C800578725 /* NSData+Zlib.m in Sources */ = {isa = PBXBuildFile; fileRef = 86B5FD3A228170C800578725 /* NSData+Zlib.m */; };
/* End PBXBuildFile section */

/* Begin PBXFileReference section */
		8609460122857A90008375D7 /* LoggerCrashReporter.h */ = {isa = PBXFileReference; lastKnownFileType = sourcecode.c.h; path = LoggerCrashReporter.h; sourceTree = "<group>"; };
		8609460222857A90008375D7 /* LoggerCrashReporter.m */ = {isa = PBXFileReference; lastKnownFileType = sourcecode.c.objc; path = LoggerCrashReporter.m; sourceTree = "<group>"; };
		860AEFB52282807100EC511B /* PrefWindowController.h */ = {isa = PBXFileReference; lastKnownFileType = sourcecode.c.h; path = PrefWindowController.h; sourceTree = "<group>"; };
		860AEFB62282807100EC511B /* PrefWindowController.m */ = {isa = PBXFileReference; lastKnownFileType = sourcecode.c.objc; path = PrefWindowController.m; sourceTree = "<group>"; };
		860AEFB72282807100EC511B /* PrefWindowController.xib */ = {isa = PBXFileReference; lastKnownFileType = file.xib; path = PrefWindowController.xib; sourceTree = "<group>"; };
		860AEFBB2282822B00EC511B /* Pref.xcdatamodel */ = {isa = PBXFileReference; lastKnownFileType = wrapper.xcdatamodel; path = Pref.xcdatamodel; sourceTree = "<group>"; };
		860AEFCC228284A000EC511B /* CoreDataManager.h */ = {isa = PBXFileReference; lastKnownFileType = sourcecode.c.h; path = CoreDataManager.h; sourceTree = "<group>"; };
		860AEFCD228284A000EC511B /* CoreDataManager.m */ = {isa = PBXFileReference; lastKnownFileType = sourcecode.c.objc; path = CoreDataManager.m; sourceTree = "<group>"; };
		860AEFD52282C22500EC511B /* Pref+CoreDataProperties.h */ = {isa = PBXFileReference; lastKnownFileType = sourcecode.c.h; path = "Pref+CoreDataProperties.h"; sourceTree = "<group>"; };
		860AEFD62282C22500EC511B /* Pref+CoreDataClass.h */ = {isa = PBXFileReference; lastKnownFileType = sourcecode.c.h; path = "Pref+CoreDataClass.h"; sourceTree = "<group>"; };
		860AEFD72282C22500EC511B /* Pref+CoreDataClass.m */ = {isa = PBXFileReference; lastKnownFileType = sourcecode.c.objc; path = "Pref+CoreDataClass.m"; sourceTree = "<group>"; };
		860AEFD82282C22500EC511B /* Pref+CoreDataProperties.m */ = {isa = PBXFileReference; lastKnownFileType = sourcecode.c.objc; path = "Pref+CoreDataProperties.m"; sourceTree = "<group>"; };
		860AEFDB2282C6D700EC511B /* CommonDataManager.h */ = {isa = PBXFileReference; lastKnownFileType = sourcecode.c.h; path = CommonDataManager.h; sourceTree = "<group>"; };
		860AEFDC2282C6D700EC511B /* CommonDataManager.m */ = {isa = PBXFileReference; lastKnownFileType = sourcecode.c.objc; path = CommonDataManager.m; sourceTree = "<group>"; };
		8622C4D22288FAB90015EC51 /* LoggerConfig.h */ = {isa = PBXFileReference; lastKnownFileType = sourcecode.c.h; path = LoggerConfig.h; sourceTree = "<group>"; };
		8622C4D32288FAB90015EC51 /* LoggerConfig.m */ = {isa = PBXFileReference; lastKnownFileType = sourcecode.c.objc; path = LoggerConfig.m; sourceTree = "<group>"; };
		8663FDB0228565B60019EC40 /* PLCrashNamespace.h */ = {isa = PBXFileReference; fileEncoding = 4; lastKnownFileType = sourcecode.c.h; path = PLCrashNamespace.h; sourceTree = "<group>"; };
		8663FDB1228565B60019EC40 /* PLCrashFeatureConfig.h */ = {isa = PBXFileReference; fileEncoding = 4; lastKnownFileType = sourcecode.c.h; path = PLCrashFeatureConfig.h; sourceTree = "<group>"; };
		8663FDB2228565B60019EC40 /* PLCrashReporter.h */ = {isa = PBXFileReference; fileEncoding = 4; lastKnownFileType = sourcecode.c.h; path = PLCrashReporter.h; sourceTree = "<group>"; };
		8663FDB3228565B60019EC40 /* PLCrashReportRegisterInfo.h */ = {isa = PBXFileReference; fileEncoding = 4; lastKnownFileType = sourcecode.c.h; path = PLCrashReportRegisterInfo.h; sourceTree = "<group>"; };
		8663FDB4228565B60019EC40 /* PLCrashReportBinaryImageInfo.h */ = {isa = PBXFileReference; fileEncoding = 4; lastKnownFileType = sourcecode.c.h; path = PLCrashReportBinaryImageInfo.h; sourceTree = "<group>"; };
		8663FDB5228565B60019EC40 /* PLCrashReport.h */ = {isa = PBXFileReference; fileEncoding = 4; lastKnownFileType = sourcecode.c.h; path = PLCrashReport.h; sourceTree = "<group>"; };
		8663FDB6228565B60019EC40 /* PLCrashReporterConfig.h */ = {isa = PBXFileReference; fileEncoding = 4; lastKnownFileType = sourcecode.c.h; path = PLCrashReporterConfig.h; sourceTree = "<group>"; };
		8663FDB7228565B60019EC40 /* PLCrashReportMachExceptionInfo.h */ = {isa = PBXFileReference; fileEncoding = 4; lastKnownFileType = sourcecode.c.h; path = PLCrashReportMachExceptionInfo.h; sourceTree = "<group>"; };
		8663FDB8228565B60019EC40 /* PLCrashReportThreadInfo.h */ = {isa = PBXFileReference; fileEncoding = 4; lastKnownFileType = sourcecode.c.h; path = PLCrashReportThreadInfo.h; sourceTree = "<group>"; };
		8663FDBA228565B60019EC40 /* PLCrashReportStackFrameInfo.h */ = {isa = PBXFileReference; fileEncoding = 4; lastKnownFileType = sourcecode.c.h; path = PLCrashReportStackFrameInfo.h; sourceTree = "<group>"; };
		8663FDBB228565B60019EC40 /* PLCrashReportSystemInfo.h */ = {isa = PBXFileReference; fileEncoding = 4; lastKnownFileType = sourcecode.c.h; path = PLCrashReportSystemInfo.h; sourceTree = "<group>"; };
		8663FDBC228565B60019EC40 /* PLCrashReportExceptionInfo.h */ = {isa = PBXFileReference; fileEncoding = 4; lastKnownFileType = sourcecode.c.h; path = PLCrashReportExceptionInfo.h; sourceTree = "<group>"; };
		8663FDBD228565B60019EC40 /* PLCrashReportProcessorInfo.h */ = {isa = PBXFileReference; fileEncoding = 4; lastKnownFileType = sourcecode.c.h; path = PLCrashReportProcessorInfo.h; sourceTree = "<group>"; };
		8663FDC0228565B60019EC40 /* CrashReporter.h */ = {isa = PBXFileReference; fileEncoding = 4; lastKnownFileType = sourcecode.c.h; path = CrashReporter.h; sourceTree = "<group>"; };
		8663FDC1228565B60019EC40 /* PLCrashReportSignalInfo.h */ = {isa = PBXFileReference; fileEncoding = 4; lastKnownFileType = sourcecode.c.h; path = PLCrashReportSignalInfo.h; sourceTree = "<group>"; };
		8663FDC2228565B60019EC40 /* PLCrashReportApplicationInfo.h */ = {isa = PBXFileReference; fileEncoding = 4; lastKnownFileType = sourcecode.c.h; path = PLCrashReportApplicationInfo.h; sourceTree = "<group>"; };
		8663FDC3228565B60019EC40 /* PLCrashReportMachineInfo.h */ = {isa = PBXFileReference; fileEncoding = 4; lastKnownFileType = sourcecode.c.h; path = PLCrashReportMachineInfo.h; sourceTree = "<group>"; };
		8663FDC4228565B60019EC40 /* PLCrashReportTextFormatter.h */ = {isa = PBXFileReference; fileEncoding = 4; lastKnownFileType = sourcecode.c.h; path = PLCrashReportTextFormatter.h; sourceTree = "<group>"; };
		8663FDC5228565B60019EC40 /* PLCrashReportFormatter.h */ = {isa = PBXFileReference; fileEncoding = 4; lastKnownFileType = sourcecode.c.h; path = PLCrashReportFormatter.h; sourceTree = "<group>"; };
		8663FDC6228565B60019EC40 /* PLCrashReportProcessInfo.h */ = {isa = PBXFileReference; fileEncoding = 4; lastKnownFileType = sourcecode.c.h; path = PLCrashReportProcessInfo.h; sourceTree = "<group>"; };
		8663FDC7228565B60019EC40 /* PLCrashReportSymbolInfo.h */ = {isa = PBXFileReference; fileEncoding = 4; lastKnownFileType = sourcecode.c.h; path = PLCrashReportSymbolInfo.h; sourceTree = "<group>"; };
		8663FDCB228565C30019EC40 /* libCrashReporter-MacOSX-Static.a */ = {isa = PBXFileReference; lastKnownFileType = archive.ar; path = "libCrashReporter-MacOSX-Static.a"; sourceTree = "<group>"; };
		86B5FD11228131E000578725 /* DrClientLog.app */ = {isa = PBXFileReference; explicitFileType = wrapper.application; includeInIndex = 0; path = DrClientLog.app; sourceTree = BUILT_PRODUCTS_DIR; };
		86B5FD14228131E000578725 /* AppDelegate.h */ = {isa = PBXFileReference; lastKnownFileType = sourcecode.c.h; path = AppDelegate.h; sourceTree = "<group>"; };
		86B5FD15228131E000578725 /* AppDelegate.m */ = {isa = PBXFileReference; lastKnownFileType = sourcecode.c.objc; path = AppDelegate.m; sourceTree = "<group>"; };
		86B5FD17228131E000578725 /* ViewController.h */ = {isa = PBXFileReference; lastKnownFileType = sourcecode.c.h; path = ViewController.h; sourceTree = "<group>"; };
		86B5FD18228131E000578725 /* ViewController.m */ = {isa = PBXFileReference; lastKnownFileType = sourcecode.c.objc; path = ViewController.m; sourceTree = "<group>"; };
		86B5FD1A228131E000578725 /* Document.h */ = {isa = PBXFileReference; lastKnownFileType = sourcecode.c.h; path = Document.h; sourceTree = "<group>"; };
		86B5FD1B228131E000578725 /* Document.m */ = {isa = PBXFileReference; lastKnownFileType = sourcecode.c.objc; path = Document.m; sourceTree = "<group>"; };
		86B5FD1D228131E100578725 /* Assets.xcassets */ = {isa = PBXFileReference; lastKnownFileType = folder.assetcatalog; path = Assets.xcassets; sourceTree = "<group>"; };
		86B5FD20228131E100578725 /* Base */ = {isa = PBXFileReference; lastKnownFileType = file.storyboard; name = Base; path = Base.lproj/Main.storyboard; sourceTree = "<group>"; };
		86B5FD22228131E100578725 /* Info.plist */ = {isa = PBXFileReference; lastKnownFileType = text.plist.xml; path = Info.plist; sourceTree = "<group>"; };
		86B5FD23228131E100578725 /* main.m */ = {isa = PBXFileReference; lastKnownFileType = sourcecode.c.objc; path = main.m; sourceTree = "<group>"; };
		86B5FD25228131E100578725 /* DrClientLog.entitlements */ = {isa = PBXFileReference; lastKnownFileType = text.plist.entitlements; path = DrClientLog.entitlements; sourceTree = "<group>"; };
		86B5FD2E228133FE00578725 /* NSData+AES.h */ = {isa = PBXFileReference; fileEncoding = 4; lastKnownFileType = sourcecode.c.h; path = "NSData+AES.h"; sourceTree = "<group>"; };
		86B5FD2F228133FE00578725 /* Logger.m */ = {isa = PBXFileReference; fileEncoding = 4; lastKnownFileType = sourcecode.c.objc; path = Logger.m; sourceTree = "<group>"; };
		86B5FD30228133FE00578725 /* NSData+AES.m */ = {isa = PBXFileReference; fileEncoding = 4; lastKnownFileType = sourcecode.c.objc; path = "NSData+AES.m"; sourceTree = "<group>"; };
		86B5FD31228133FE00578725 /* Logger.h */ = {isa = PBXFileReference; fileEncoding = 4; lastKnownFileType = sourcecode.c.h; path = Logger.h; sourceTree = "<group>"; };
		86B5FD3A228170C800578725 /* NSData+Zlib.m */ = {isa = PBXFileReference; fileEncoding = 4; lastKnownFileType = sourcecode.c.objc; path = "NSData+Zlib.m"; sourceTree = "<group>"; };
		86B5FD3B228170C800578725 /* NSData+Zlib.h */ = {isa = PBXFileReference; fileEncoding = 4; lastKnownFileType = sourcecode.c.h; path = "NSData+Zlib.h"; sourceTree = "<group>"; };
/* End PBXFileReference section */

/* Begin PBXFrameworksBuildPhase section */
		86B5FD0E228131E000578725 /* Frameworks */ = {
			isa = PBXFrameworksBuildPhase;
			buildActionMask = 2147483647;
			files = (
				8663FDCC228565C30019EC40 /* libCrashReporter-MacOSX-Static.a in Frameworks */,
			);
			runOnlyForDeploymentPostprocessing = 0;
		};
/* End PBXFrameworksBuildPhase section */

/* Begin PBXGroup section */
		860AEFC3228282C900EC511B /* Model */ = {
			isa = PBXGroup;
			children = (
				860AEFD52282C22500EC511B /* Pref+CoreDataProperties.h */,
				860AEFD62282C22500EC511B /* Pref+CoreDataClass.h */,
				860AEFD72282C22500EC511B /* Pref+CoreDataClass.m */,
				860AEFD82282C22500EC511B /* Pref+CoreDataProperties.m */,
				860AEFCC228284A000EC511B /* CoreDataManager.h */,
				860AEFCD228284A000EC511B /* CoreDataManager.m */,
				860AEFDB2282C6D700EC511B /* CommonDataManager.h */,
				860AEFDC2282C6D700EC511B /* CommonDataManager.m */,
			);
			path = Model;
			sourceTree = "<group>";
		};
		8663FDAF228565B60019EC40 /* PLCrashReporter */ = {
			isa = PBXGroup;
			children = (
				8663FDCA228565C30019EC40 /* lib */,
				8663FDB0228565B60019EC40 /* PLCrashNamespace.h */,
				8663FDB1228565B60019EC40 /* PLCrashFeatureConfig.h */,
				8663FDB2228565B60019EC40 /* PLCrashReporter.h */,
				8663FDB3228565B60019EC40 /* PLCrashReportRegisterInfo.h */,
				8663FDB4228565B60019EC40 /* PLCrashReportBinaryImageInfo.h */,
				8663FDB5228565B60019EC40 /* PLCrashReport.h */,
				8663FDB6228565B60019EC40 /* PLCrashReporterConfig.h */,
				8663FDB7228565B60019EC40 /* PLCrashReportMachExceptionInfo.h */,
				8663FDB8228565B60019EC40 /* PLCrashReportThreadInfo.h */,
				8663FDBA228565B60019EC40 /* PLCrashReportStackFrameInfo.h */,
				8663FDBB228565B60019EC40 /* PLCrashReportSystemInfo.h */,
				8663FDBC228565B60019EC40 /* PLCrashReportExceptionInfo.h */,
				8663FDBD228565B60019EC40 /* PLCrashReportProcessorInfo.h */,
				8663FDC0228565B60019EC40 /* CrashReporter.h */,
				8663FDC1228565B60019EC40 /* PLCrashReportSignalInfo.h */,
				8663FDC2228565B60019EC40 /* PLCrashReportApplicationInfo.h */,
				8663FDC3228565B60019EC40 /* PLCrashReportMachineInfo.h */,
				8663FDC4228565B60019EC40 /* PLCrashReportTextFormatter.h */,
				8663FDC5228565B60019EC40 /* PLCrashReportFormatter.h */,
				8663FDC6228565B60019EC40 /* PLCrashReportProcessInfo.h */,
				8663FDC7228565B60019EC40 /* PLCrashReportSymbolInfo.h */,
			);
			path = PLCrashReporter;
			sourceTree = "<group>";
		};
		8663FDCA228565C30019EC40 /* lib */ = {
			isa = PBXGroup;
			children = (
				8663FDCB228565C30019EC40 /* libCrashReporter-MacOSX-Static.a */,
			);
			path = lib;
			sourceTree = "<group>";
		};
		86B5FD08228131E000578725 = {
			isa = PBXGroup;
			children = (
				86B5FD13228131E000578725 /* DrClientLog */,
				86B5FD12228131E000578725 /* Products */,
			);
			sourceTree = "<group>";
		};
		86B5FD12228131E000578725 /* Products */ = {
			isa = PBXGroup;
			children = (
				86B5FD11228131E000578725 /* DrClientLog.app */,
			);
			name = Products;
			sourceTree = "<group>";
		};
		86B5FD13228131E000578725 /* DrClientLog */ = {
			isa = PBXGroup;
			children = (
				8663FDAF228565B60019EC40 /* PLCrashReporter */,
				860AEFC3228282C900EC511B /* Model */,
				86B5FD2D228133FE00578725 /* Logger */,
				86B5FD14228131E000578725 /* AppDelegate.h */,
				86B5FD15228131E000578725 /* AppDelegate.m */,
				86B5FD17228131E000578725 /* ViewController.h */,
				86B5FD18228131E000578725 /* ViewController.m */,
				86B5FD1A228131E000578725 /* Document.h */,
				86B5FD1B228131E000578725 /* Document.m */,
				86B5FD1D228131E100578725 /* Assets.xcassets */,
				86B5FD1F228131E100578725 /* Main.storyboard */,
				86B5FD22228131E100578725 /* Info.plist */,
				86B5FD23228131E100578725 /* main.m */,
				86B5FD25228131E100578725 /* DrClientLog.entitlements */,
				860AEFB52282807100EC511B /* PrefWindowController.h */,
				860AEFB62282807100EC511B /* PrefWindowController.m */,
				860AEFB72282807100EC511B /* PrefWindowController.xib */,
				860AEFBA2282822B00EC511B /* Pref.xcdatamodeld */,
			);
			path = DrClientLog;
			sourceTree = "<group>";
		};
		86B5FD2D228133FE00578725 /* Logger */ = {
			isa = PBXGroup;
			children = (
				86B5FD3A228170C800578725 /* NSData+Zlib.m */,
				86B5FD3B228170C800578725 /* NSData+Zlib.h */,
				86B5FD30228133FE00578725 /* NSData+AES.m */,
				86B5FD2E228133FE00578725 /* NSData+AES.h */,
				86B5FD2F228133FE00578725 /* Logger.m */,
				86B5FD31228133FE00578725 /* Logger.h */,
				8609460122857A90008375D7 /* LoggerCrashReporter.h */,
				8609460222857A90008375D7 /* LoggerCrashReporter.m */,
				8622C4D22288FAB90015EC51 /* LoggerConfig.h */,
				8622C4D32288FAB90015EC51 /* LoggerConfig.m */,
			);
			path = Logger;
			sourceTree = "<group>";
		};
/* End PBXGroup section */

/* Begin PBXNativeTarget section */
		86B5FD10228131E000578725 /* DrClientLog */ = {
			isa = PBXNativeTarget;
			buildConfigurationList = 86B5FD28228131E100578725 /* Build configuration list for PBXNativeTarget "DrClientLog" */;
			buildPhases = (
				86B5FD0D228131E000578725 /* Sources */,
				86B5FD0E228131E000578725 /* Frameworks */,
				86B5FD0F228131E000578725 /* Resources */,
			);
			buildRules = (
			);
			dependencies = (
			);
			name = DrClientLog;
			productName = DrClientLog;
			productReference = 86B5FD11228131E000578725 /* DrClientLog.app */;
			productType = "com.apple.product-type.application";
		};
/* End PBXNativeTarget section */

/* Begin PBXProject section */
		86B5FD09228131E000578725 /* Project object */ = {
			isa = PBXProject;
			attributes = {
				LastUpgradeCheck = 1020;
				ORGANIZATIONNAME = Ge;
				TargetAttributes = {
					86B5FD10228131E000578725 = {
						CreatedOnToolsVersion = 10.2.1;
						SystemCapabilities = {
							com.apple.Sandbox = {
								enabled = 0;
							};
						};
					};
				};
			};
			buildConfigurationList = 86B5FD0C228131E000578725 /* Build configuration list for PBXProject "DrClientLog" */;
			compatibilityVersion = "Xcode 9.3";
			developmentRegion = en;
			hasScannedForEncodings = 0;
			knownRegions = (
				en,
				Base,
			);
			mainGroup = 86B5FD08228131E000578725;
			productRefGroup = 86B5FD12228131E000578725 /* Products */;
			projectDirPath = "";
			projectRoot = "";
			targets = (
				86B5FD10228131E000578725 /* DrClientLog */,
			);
		};
/* End PBXProject section */

/* Begin PBXResourcesBuildPhase section */
		86B5FD0F228131E000578725 /* Resources */ = {
			isa = PBXResourcesBuildPhase;
			buildActionMask = 2147483647;
			files = (
				86B5FD1E228131E100578725 /* Assets.xcassets in Resources */,
				860AEFB92282807100EC511B /* PrefWindowController.xib in Resources */,
				86B5FD21228131E100578725 /* Main.storyboard in Resources */,
			);
			runOnlyForDeploymentPostprocessing = 0;
		};
/* End PBXResourcesBuildPhase section */

/* Begin PBXSourcesBuildPhase section */
		86B5FD0D228131E000578725 /* Sources */ = {
			isa = PBXSourcesBuildPhase;
			buildActionMask = 2147483647;
			files = (
				86B5FD1C228131E000578725 /* Document.m in Sources */,
				86B5FD19228131E000578725 /* ViewController.m in Sources */,
				860AEFB82282807100EC511B /* PrefWindowController.m in Sources */,
				860AEFD92282C22500EC511B /* Pref+CoreDataClass.m in Sources */,
				860AEFDA2282C22500EC511B /* Pref+CoreDataProperties.m in Sources */,
				86B5FD33228133FE00578725 /* NSData+AES.m in Sources */,
				8609460322857A90008375D7 /* LoggerCrashReporter.m in Sources */,
				86B5FD24228131E100578725 /* main.m in Sources */,
				860AEFDD2282C6D700EC511B /* CommonDataManager.m in Sources */,
				8622C4D42288FAB90015EC51 /* LoggerConfig.m in Sources */,
				86B5FD3C228170C800578725 /* NSData+Zlib.m in Sources */,
				860AEFCE228284A000EC511B /* CoreDataManager.m in Sources */,
				86B5FD16228131E000578725 /* AppDelegate.m in Sources */,
				860AEFBC2282822B00EC511B /* Pref.xcdatamodeld in Sources */,
				86B5FD32228133FE00578725 /* Logger.m in Sources */,
			);
			runOnlyForDeploymentPostprocessing = 0;
		};
/* End PBXSourcesBuildPhase section */

/* Begin PBXVariantGroup section */
		86B5FD1F228131E100578725 /* Main.storyboard */ = {
			isa = PBXVariantGroup;
			children = (
				86B5FD20228131E100578725 /* Base */,
			);
			name = Main.storyboard;
			sourceTree = "<group>";
		};
/* End PBXVariantGroup section */

/* Begin XCBuildConfiguration section */
		86B5FD26228131E100578725 /* Debug */ = {
			isa = XCBuildConfiguration;
			buildSettings = {
				ALWAYS_SEARCH_USER_PATHS = NO;
				CLANG_ANALYZER_NONNULL = YES;
				CLANG_ANALYZER_NUMBER_OBJECT_CONVERSION = YES_AGGRESSIVE;
				CLANG_CXX_LANGUAGE_STANDARD = "gnu++14";
				CLANG_CXX_LIBRARY = "libc++";
				CLANG_ENABLE_MODULES = YES;
				CLANG_ENABLE_OBJC_ARC = YES;
				CLANG_ENABLE_OBJC_WEAK = YES;
				CLANG_WARN_BLOCK_CAPTURE_AUTORELEASING = YES;
				CLANG_WARN_BOOL_CONVERSION = YES;
				CLANG_WARN_COMMA = YES;
				CLANG_WARN_CONSTANT_CONVERSION = YES;
				CLANG_WARN_DEPRECATED_OBJC_IMPLEMENTATIONS = YES;
				CLANG_WARN_DIRECT_OBJC_ISA_USAGE = YES_ERROR;
				CLANG_WARN_DOCUMENTATION_COMMENTS = YES;
				CLANG_WARN_EMPTY_BODY = YES;
				CLANG_WARN_ENUM_CONVERSION = YES;
				CLANG_WARN_INFINITE_RECURSION = YES;
				CLANG_WARN_INT_CONVERSION = YES;
				CLANG_WARN_NON_LITERAL_NULL_CONVERSION = YES;
				CLANG_WARN_OBJC_IMPLICIT_RETAIN_SELF = YES;
				CLANG_WARN_OBJC_LITERAL_CONVERSION = YES;
				CLANG_WARN_OBJC_ROOT_CLASS = YES_ERROR;
				CLANG_WARN_RANGE_LOOP_ANALYSIS = YES;
				CLANG_WARN_STRICT_PROTOTYPES = YES;
				CLANG_WARN_SUSPICIOUS_MOVE = YES;
				CLANG_WARN_UNGUARDED_AVAILABILITY = YES_AGGRESSIVE;
				CLANG_WARN_UNREACHABLE_CODE = YES;
				CLANG_WARN__DUPLICATE_METHOD_MATCH = YES;
				CODE_SIGN_IDENTITY = "-";
				COPY_PHASE_STRIP = NO;
				DEBUG_INFORMATION_FORMAT = dwarf;
				ENABLE_STRICT_OBJC_MSGSEND = YES;
				ENABLE_TESTABILITY = YES;
				GCC_C_LANGUAGE_STANDARD = gnu11;
				GCC_DYNAMIC_NO_PIC = NO;
				GCC_NO_COMMON_BLOCKS = YES;
				GCC_OPTIMIZATION_LEVEL = 0;
				GCC_PREPROCESSOR_DEFINITIONS = (
					"DEBUG=1",
					"$(inherited)",
				);
				GCC_WARN_64_TO_32_BIT_CONVERSION = YES;
				GCC_WARN_ABOUT_RETURN_TYPE = YES_ERROR;
				GCC_WARN_UNDECLARED_SELECTOR = YES;
				GCC_WARN_UNINITIALIZED_AUTOS = YES_AGGRESSIVE;
				GCC_WARN_UNUSED_FUNCTION = YES;
				GCC_WARN_UNUSED_VARIABLE = YES;
				MACOSX_DEPLOYMENT_TARGET = 10.14;
				MTL_ENABLE_DEBUG_INFO = INCLUDE_SOURCE;
				MTL_FAST_MATH = YES;
				ONLY_ACTIVE_ARCH = YES;
				SDKROOT = macosx;
			};
			name = Debug;
		};
		86B5FD27228131E100578725 /* Release */ = {
			isa = XCBuildConfiguration;
			buildSettings = {
				ALWAYS_SEARCH_USER_PATHS = NO;
				CLANG_ANALYZER_NONNULL = YES;
				CLANG_ANALYZER_NUMBER_OBJECT_CONVERSION = YES_AGGRESSIVE;
				CLANG_CXX_LANGUAGE_STANDARD = "gnu++14";
				CLANG_CXX_LIBRARY = "libc++";
				CLANG_ENABLE_MODULES = YES;
				CLANG_ENABLE_OBJC_ARC = YES;
				CLANG_ENABLE_OBJC_WEAK = YES;
				CLANG_WARN_BLOCK_CAPTURE_AUTORELEASING = YES;
				CLANG_WARN_BOOL_CONVERSION = YES;
				CLANG_WARN_COMMA = YES;
				CLANG_WARN_CONSTANT_CONVERSION = YES;
				CLANG_WARN_DEPRECATED_OBJC_IMPLEMENTATIONS = YES;
				CLANG_WARN_DIRECT_OBJC_ISA_USAGE = YES_ERROR;
				CLANG_WARN_DOCUMENTATION_COMMENTS = YES;
				CLANG_WARN_EMPTY_BODY = YES;
				CLANG_WARN_ENUM_CONVERSION = YES;
				CLANG_WARN_INFINITE_RECURSION = YES;
				CLANG_WARN_INT_CONVERSION = YES;
				CLANG_WARN_NON_LITERAL_NULL_CONVERSION = YES;
				CLANG_WARN_OBJC_IMPLICIT_RETAIN_SELF = YES;
				CLANG_WARN_OBJC_LITERAL_CONVERSION = YES;
				CLANG_WARN_OBJC_ROOT_CLASS = YES_ERROR;
				CLANG_WARN_RANGE_LOOP_ANALYSIS = YES;
				CLANG_WARN_STRICT_PROTOTYPES = YES;
				CLANG_WARN_SUSPICIOUS_MOVE = YES;
				CLANG_WARN_UNGUARDED_AVAILABILITY = YES_AGGRESSIVE;
				CLANG_WARN_UNREACHABLE_CODE = YES;
				CLANG_WARN__DUPLICATE_METHOD_MATCH = YES;
				CODE_SIGN_IDENTITY = "-";
				COPY_PHASE_STRIP = NO;
				DEBUG_INFORMATION_FORMAT = "dwarf-with-dsym";
				ENABLE_NS_ASSERTIONS = NO;
				ENABLE_STRICT_OBJC_MSGSEND = YES;
				GCC_C_LANGUAGE_STANDARD = gnu11;
				GCC_NO_COMMON_BLOCKS = YES;
				GCC_WARN_64_TO_32_BIT_CONVERSION = YES;
				GCC_WARN_ABOUT_RETURN_TYPE = YES_ERROR;
				GCC_WARN_UNDECLARED_SELECTOR = YES;
				GCC_WARN_UNINITIALIZED_AUTOS = YES_AGGRESSIVE;
				GCC_WARN_UNUSED_FUNCTION = YES;
				GCC_WARN_UNUSED_VARIABLE = YES;
				MACOSX_DEPLOYMENT_TARGET = 10.14;
				MTL_ENABLE_DEBUG_INFO = NO;
				MTL_FAST_MATH = YES;
				SDKROOT = macosx;
			};
			name = Release;
		};
		86B5FD29228131E100578725 /* Debug */ = {
			isa = XCBuildConfiguration;
			buildSettings = {
				ASSETCATALOG_COMPILER_APPICON_NAME = AppIcon;
				CODE_SIGN_STYLE = Automatic;
				COMBINE_HIDPI_IMAGES = YES;
				INFOPLIST_FILE = DrClientLog/Info.plist;
				LD_RUNPATH_SEARCH_PATHS = (
					"$(inherited)",
					"@executable_path/../Frameworks",
				);
				LIBRARY_SEARCH_PATHS = (
					"$(inherited)",
					"$(PROJECT_DIR)/DrClientLog/PLCrashReporter/lib",
				);
				MACOSX_DEPLOYMENT_TARGET = 10.13;
				PRODUCT_BUNDLE_IDENTIFIER = com.demo.DrClientLog;
				PRODUCT_NAME = "$(TARGET_NAME)";
			};
			name = Debug;
		};
		86B5FD2A228131E100578725 /* Release */ = {
			isa = XCBuildConfiguration;
			buildSettings = {
				ASSETCATALOG_COMPILER_APPICON_NAME = AppIcon;
				CODE_SIGN_STYLE = Automatic;
				COMBINE_HIDPI_IMAGES = YES;
				INFOPLIST_FILE = DrClientLog/Info.plist;
				LD_RUNPATH_SEARCH_PATHS = (
					"$(inherited)",
					"@executable_path/../Frameworks",
				);
				LIBRARY_SEARCH_PATHS = (
					"$(inherited)",
					"$(PROJECT_DIR)/DrClientLog/PLCrashReporter/lib",
				);
				MACOSX_DEPLOYMENT_TARGET = 10.13;
				PRODUCT_BUNDLE_IDENTIFIER = com.demo.DrClientLog;
				PRODUCT_NAME = "$(TARGET_NAME)";
			};
			name = Release;
		};
/* End XCBuildConfiguration section */

/* Begin XCConfigurationList section */
		86B5FD0C228131E000578725 /* Build configuration list for PBXProject "DrClientLog" */ = {
			isa = XCConfigurationList;
			buildConfigurations = (
				86B5FD26228131E100578725 /* Debug */,
				86B5FD27228131E100578725 /* Release */,
			);
			defaultConfigurationIsVisible = 0;
			defaultConfigurationName = Release;
		};
		86B5FD28228131E100578725 /* Build configuration list for PBXNativeTarget "DrClientLog" */ = {
			isa = XCConfigurationList;
			buildConfigurations = (
				86B5FD29228131E100578725 /* Debug */,
				86B5FD2A228131E100578725 /* Release */,
			);
			defaultConfigurationIsVisible = 0;
			defaultConfigurationName = Release;
		};
/* End XCConfigurationList section */

/* Begin XCVersionGroup section */
		860AEFBA2282822B00EC511B /* Pref.xcdatamodeld */ = {
			isa = XCVersionGroup;
			children = (
				860AEFBB2282822B00EC511B /* Pref.xcdatamodel */,
			);
			currentVersion = 860AEFBB2282822B00EC511B /* Pref.xcdatamodel */;
			path = Pref.xcdatamodeld;
			sourceTree = "<group>";
			versionGroupType = wrapper.xcdatamodel;
		};
/* End XCVersionGroup section */
	};
	rootObject = 86B5FD09228131E000578725 /* Project object */;
}
